// !$*UTF8*$!
{
	archiveVersion = 1;
	classes = {
	};
	objectVersion = 56;
	objects = {

/* Begin PBXBuildFile section */
		46B073FC2CA208D40032B019 /* CoordinatorView.swift in Sources */ = {isa = PBXBuildFile; fileRef = 46B073FB2CA208D40032B019 /* CoordinatorView.swift */; };
		46B073FF2CA20BAC0032B019 /* Page.swift in Sources */ = {isa = PBXBuildFile; fileRef = 46B073FE2CA20BAC0032B019 /* Page.swift */; };
		4E92D5A12CA2162D00B2449B /* Constants.swift in Sources */ = {isa = PBXBuildFile; fileRef = 4E92D5A02CA2162D00B2449B /* Constants.swift */; };
		4EFEBC552CA1C866009A6920 /* NetworkProtocol.swift in Sources */ = {isa = PBXBuildFile; fileRef = 4EFEBC542CA1C866009A6920 /* NetworkProtocol.swift */; };
		4EFEBC572CA1C995009A6920 /* MockAPIManager.swift in Sources */ = {isa = PBXBuildFile; fileRef = 4EFEBC562CA1C995009A6920 /* MockAPIManager.swift */; };
		4EFEBC592CA1D2E1009A6920 /* Coordinator.swift in Sources */ = {isa = PBXBuildFile; fileRef = 4EFEBC582CA1D2E1009A6920 /* Coordinator.swift */; };
		C0470E6A2CA322B900E30456 /* SplashView.swift in Sources */ = {isa = PBXBuildFile; fileRef = C0470E692CA322B400E30456 /* SplashView.swift */; };
		D2FF79AF2C971D2D00FB0D37 /* WeatherAppApp.swift in Sources */ = {isa = PBXBuildFile; fileRef = D2FF79AE2C971D2D00FB0D37 /* WeatherAppApp.swift */; };
		D2FF79B12C971D2D00FB0D37 /* ContentView.swift in Sources */ = {isa = PBXBuildFile; fileRef = D2FF79B02C971D2D00FB0D37 /* ContentView.swift */; };
		D2FF79B32C971D2F00FB0D37 /* Assets.xcassets in Resources */ = {isa = PBXBuildFile; fileRef = D2FF79B22C971D2F00FB0D37 /* Assets.xcassets */; };
		D2FF79B62C971D2F00FB0D37 /* Preview Assets.xcassets in Resources */ = {isa = PBXBuildFile; fileRef = D2FF79B52C971D2F00FB0D37 /* Preview Assets.xcassets */; };
		D2FF79C02C971D2F00FB0D37 /* WeatherAppTests.swift in Sources */ = {isa = PBXBuildFile; fileRef = D2FF79BF2C971D2F00FB0D37 /* WeatherAppTests.swift */; };
		D2FF79CA2C971D2F00FB0D37 /* WeatherAppUITests.swift in Sources */ = {isa = PBXBuildFile; fileRef = D2FF79C92C971D2F00FB0D37 /* WeatherAppUITests.swift */; };
		D2FF79CC2C971D2F00FB0D37 /* WeatherAppUITestsLaunchTests.swift in Sources */ = {isa = PBXBuildFile; fileRef = D2FF79CB2C971D2F00FB0D37 /* WeatherAppUITestsLaunchTests.swift */; };
		D2FF79D92C971D8900FB0D37 /* GeocodingAPIModel.swift in Sources */ = {isa = PBXBuildFile; fileRef = D2FF79D82C971D8900FB0D37 /* GeocodingAPIModel.swift */; };
		D2FF79DB2C971EF100FB0D37 /* APIManager.swift in Sources */ = {isa = PBXBuildFile; fileRef = D2FF79DA2C971EF100FB0D37 /* APIManager.swift */; };
		D2FF79DD2C97209300FB0D37 /* LocationDataViewModel.swift in Sources */ = {isa = PBXBuildFile; fileRef = D2FF79DC2C97209300FB0D37 /* LocationDataViewModel.swift */; };
		D2FF79DF2C9723EC00FB0D37 /* LocationDetailView.swift in Sources */ = {isa = PBXBuildFile; fileRef = D2FF79DE2C9723EC00FB0D37 /* LocationDetailView.swift */; };
		D2FF79E12C972C1300FB0D37 /* WeatherDataModel.swift in Sources */ = {isa = PBXBuildFile; fileRef = D2FF79E02C972C1300FB0D37 /* WeatherDataModel.swift */; };
		D2FF79E32C972FB700FB0D37 /* WeatherDataViewModel.swift in Sources */ = {isa = PBXBuildFile; fileRef = D2FF79E22C972FB700FB0D37 /* WeatherDataViewModel.swift */; };
/* End PBXBuildFile section */

/* Begin PBXContainerItemProxy section */
		D2FF79BC2C971D2F00FB0D37 /* PBXContainerItemProxy */ = {
			isa = PBXContainerItemProxy;
			containerPortal = D2FF79A32C971D2C00FB0D37 /* Project object */;
			proxyType = 1;
			remoteGlobalIDString = D2FF79AA2C971D2D00FB0D37;
			remoteInfo = WeatherApp;
		};
		D2FF79C62C971D2F00FB0D37 /* PBXContainerItemProxy */ = {
			isa = PBXContainerItemProxy;
			containerPortal = D2FF79A32C971D2C00FB0D37 /* Project object */;
			proxyType = 1;
			remoteGlobalIDString = D2FF79AA2C971D2D00FB0D37;
			remoteInfo = WeatherApp;
		};
/* End PBXContainerItemProxy section */

/* Begin PBXFileReference section */
		46B073FB2CA208D40032B019 /* CoordinatorView.swift */ = {isa = PBXFileReference; lastKnownFileType = sourcecode.swift; path = CoordinatorView.swift; sourceTree = "<group>"; };
		46B073FE2CA20BAC0032B019 /* Page.swift */ = {isa = PBXFileReference; lastKnownFileType = sourcecode.swift; path = Page.swift; sourceTree = "<group>"; };
		4E92D5A02CA2162D00B2449B /* Constants.swift */ = {isa = PBXFileReference; lastKnownFileType = sourcecode.swift; path = Constants.swift; sourceTree = "<group>"; };
		4EFEBC542CA1C866009A6920 /* NetworkProtocol.swift */ = {isa = PBXFileReference; lastKnownFileType = sourcecode.swift; path = NetworkProtocol.swift; sourceTree = "<group>"; };
		4EFEBC562CA1C995009A6920 /* MockAPIManager.swift */ = {isa = PBXFileReference; lastKnownFileType = sourcecode.swift; path = MockAPIManager.swift; sourceTree = "<group>"; };
		4EFEBC582CA1D2E1009A6920 /* Coordinator.swift */ = {isa = PBXFileReference; lastKnownFileType = sourcecode.swift; path = Coordinator.swift; sourceTree = "<group>"; };
		C0470E692CA322B400E30456 /* SplashView.swift */ = {isa = PBXFileReference; lastKnownFileType = sourcecode.swift; path = SplashView.swift; sourceTree = "<group>"; };
		D2FF79AB2C971D2D00FB0D37 /* WeatherApp.app */ = {isa = PBXFileReference; explicitFileType = wrapper.application; includeInIndex = 0; path = WeatherApp.app; sourceTree = BUILT_PRODUCTS_DIR; };
		D2FF79AE2C971D2D00FB0D37 /* WeatherAppApp.swift */ = {isa = PBXFileReference; lastKnownFileType = sourcecode.swift; path = WeatherAppApp.swift; sourceTree = "<group>"; };
		D2FF79B02C971D2D00FB0D37 /* ContentView.swift */ = {isa = PBXFileReference; lastKnownFileType = sourcecode.swift; path = ContentView.swift; sourceTree = "<group>"; };
		D2FF79B22C971D2F00FB0D37 /* Assets.xcassets */ = {isa = PBXFileReference; lastKnownFileType = folder.assetcatalog; path = Assets.xcassets; sourceTree = "<group>"; };
		D2FF79B52C971D2F00FB0D37 /* Preview Assets.xcassets */ = {isa = PBXFileReference; lastKnownFileType = folder.assetcatalog; path = "Preview Assets.xcassets"; sourceTree = "<group>"; };
		D2FF79BB2C971D2F00FB0D37 /* WeatherAppTests.xctest */ = {isa = PBXFileReference; explicitFileType = wrapper.cfbundle; includeInIndex = 0; path = WeatherAppTests.xctest; sourceTree = BUILT_PRODUCTS_DIR; };
		D2FF79BF2C971D2F00FB0D37 /* WeatherAppTests.swift */ = {isa = PBXFileReference; lastKnownFileType = sourcecode.swift; path = WeatherAppTests.swift; sourceTree = "<group>"; };
		D2FF79C52C971D2F00FB0D37 /* WeatherAppUITests.xctest */ = {isa = PBXFileReference; explicitFileType = wrapper.cfbundle; includeInIndex = 0; path = WeatherAppUITests.xctest; sourceTree = BUILT_PRODUCTS_DIR; };
		D2FF79C92C971D2F00FB0D37 /* WeatherAppUITests.swift */ = {isa = PBXFileReference; lastKnownFileType = sourcecode.swift; path = WeatherAppUITests.swift; sourceTree = "<group>"; };
		D2FF79CB2C971D2F00FB0D37 /* WeatherAppUITestsLaunchTests.swift */ = {isa = PBXFileReference; lastKnownFileType = sourcecode.swift; path = WeatherAppUITestsLaunchTests.swift; sourceTree = "<group>"; };
		D2FF79D82C971D8900FB0D37 /* GeocodingAPIModel.swift */ = {isa = PBXFileReference; lastKnownFileType = sourcecode.swift; path = GeocodingAPIModel.swift; sourceTree = "<group>"; };
		D2FF79DA2C971EF100FB0D37 /* APIManager.swift */ = {isa = PBXFileReference; lastKnownFileType = sourcecode.swift; path = APIManager.swift; sourceTree = "<group>"; };
		D2FF79DC2C97209300FB0D37 /* LocationDataViewModel.swift */ = {isa = PBXFileReference; lastKnownFileType = sourcecode.swift; path = LocationDataViewModel.swift; sourceTree = "<group>"; };
		D2FF79DE2C9723EC00FB0D37 /* LocationDetailView.swift */ = {isa = PBXFileReference; lastKnownFileType = sourcecode.swift; path = LocationDetailView.swift; sourceTree = "<group>"; };
		D2FF79E02C972C1300FB0D37 /* WeatherDataModel.swift */ = {isa = PBXFileReference; lastKnownFileType = sourcecode.swift; path = WeatherDataModel.swift; sourceTree = "<group>"; };
		D2FF79E22C972FB700FB0D37 /* WeatherDataViewModel.swift */ = {isa = PBXFileReference; lastKnownFileType = sourcecode.swift; path = WeatherDataViewModel.swift; sourceTree = "<group>"; };
/* End PBXFileReference section */

/* Begin PBXFrameworksBuildPhase section */
		D2FF79A82C971D2D00FB0D37 /* Frameworks */ = {
			isa = PBXFrameworksBuildPhase;
			buildActionMask = 2147483647;
			files = (
			);
			runOnlyForDeploymentPostprocessing = 0;
		};
		D2FF79B82C971D2F00FB0D37 /* Frameworks */ = {
			isa = PBXFrameworksBuildPhase;
			buildActionMask = 2147483647;
			files = (
			);
			runOnlyForDeploymentPostprocessing = 0;
		};
		D2FF79C22C971D2F00FB0D37 /* Frameworks */ = {
			isa = PBXFrameworksBuildPhase;
			buildActionMask = 2147483647;
			files = (
			);
			runOnlyForDeploymentPostprocessing = 0;
		};
/* End PBXFrameworksBuildPhase section */

/* Begin PBXGroup section */
		46B073FD2CA20B960032B019 /* Coordinator */ = {
			isa = PBXGroup;
			children = (
				4EFEBC582CA1D2E1009A6920 /* Coordinator.swift */,
				46B073FE2CA20BAC0032B019 /* Page.swift */,
			);
			path = Coordinator;
			sourceTree = "<group>";
		};
		4E92D59F2CA2161E00B2449B /* Common */ = {
			isa = PBXGroup;
			children = (
				4E92D5A02CA2162D00B2449B /* Constants.swift */,
			);
			path = Common;
			sourceTree = "<group>";
		};
		D2FF79A22C971D2C00FB0D37 = {
			isa = PBXGroup;
			children = (
				D2FF79AD2C971D2D00FB0D37 /* WeatherApp */,
				D2FF79BE2C971D2F00FB0D37 /* WeatherAppTests */,
				D2FF79C82C971D2F00FB0D37 /* WeatherAppUITests */,
				D2FF79AC2C971D2D00FB0D37 /* Products */,
			);
			sourceTree = "<group>";
		};
		D2FF79AC2C971D2D00FB0D37 /* Products */ = {
			isa = PBXGroup;
			children = (
				D2FF79AB2C971D2D00FB0D37 /* WeatherApp.app */,
				D2FF79BB2C971D2F00FB0D37 /* WeatherAppTests.xctest */,
				D2FF79C52C971D2F00FB0D37 /* WeatherAppUITests.xctest */,
			);
			name = Products;
			sourceTree = "<group>";
		};
		D2FF79AD2C971D2D00FB0D37 /* WeatherApp */ = {
			isa = PBXGroup;
			children = (
				4E92D59F2CA2161E00B2449B /* Common */,
				46B073FD2CA20B960032B019 /* Coordinator */,
				D2FF79E72C9737B500FB0D37 /* Network */,
				D2FF79E62C9737A900FB0D37 /* Models */,
				D2FF79E52C97379B00FB0D37 /* Views */,
				D2FF79E42C97378F00FB0D37 /* ViewModels */,
				D2FF79AE2C971D2D00FB0D37 /* WeatherAppApp.swift */,
				D2FF79B22C971D2F00FB0D37 /* Assets.xcassets */,
				D2FF79B42C971D2F00FB0D37 /* Preview Content */,
			);
			path = WeatherApp;
			sourceTree = "<group>";
		};
		D2FF79B42C971D2F00FB0D37 /* Preview Content */ = {
			isa = PBXGroup;
			children = (
				D2FF79B52C971D2F00FB0D37 /* Preview Assets.xcassets */,
			);
			path = "Preview Content";
			sourceTree = "<group>";
		};
		D2FF79BE2C971D2F00FB0D37 /* WeatherAppTests */ = {
			isa = PBXGroup;
			children = (
				D2FF79BF2C971D2F00FB0D37 /* WeatherAppTests.swift */,
			);
			path = WeatherAppTests;
			sourceTree = "<group>";
		};
		D2FF79C82C971D2F00FB0D37 /* WeatherAppUITests */ = {
			isa = PBXGroup;
			children = (
				D2FF79C92C971D2F00FB0D37 /* WeatherAppUITests.swift */,
				D2FF79CB2C971D2F00FB0D37 /* WeatherAppUITestsLaunchTests.swift */,
			);
			path = WeatherAppUITests;
			sourceTree = "<group>";
		};
		D2FF79E42C97378F00FB0D37 /* ViewModels */ = {
			isa = PBXGroup;
			children = (
				D2FF79E22C972FB700FB0D37 /* WeatherDataViewModel.swift */,
				D2FF79DC2C97209300FB0D37 /* LocationDataViewModel.swift */,
			);
			path = ViewModels;
			sourceTree = "<group>";
		};
		D2FF79E52C97379B00FB0D37 /* Views */ = {
			isa = PBXGroup;
			children = (
				C0470E692CA322B400E30456 /* SplashView.swift */,
				46B073FB2CA208D40032B019 /* CoordinatorView.swift */,
				D2FF79B02C971D2D00FB0D37 /* ContentView.swift */,
				D2FF79DE2C9723EC00FB0D37 /* LocationDetailView.swift */,
			);
			path = Views;
			sourceTree = "<group>";
		};
		D2FF79E62C9737A900FB0D37 /* Models */ = {
			isa = PBXGroup;
			children = (
				D2FF79D82C971D8900FB0D37 /* GeocodingAPIModel.swift */,
				D2FF79E02C972C1300FB0D37 /* WeatherDataModel.swift */,
			);
			path = Models;
			sourceTree = "<group>";
		};
		D2FF79E72C9737B500FB0D37 /* Network */ = {
			isa = PBXGroup;
			children = (
				4EFEBC542CA1C866009A6920 /* NetworkProtocol.swift */,
				D2FF79DA2C971EF100FB0D37 /* APIManager.swift */,
				4EFEBC562CA1C995009A6920 /* MockAPIManager.swift */,
			);
			path = Network;
			sourceTree = "<group>";
		};
/* End PBXGroup section */

/* Begin PBXNativeTarget section */
		D2FF79AA2C971D2D00FB0D37 /* WeatherApp */ = {
			isa = PBXNativeTarget;
			buildConfigurationList = D2FF79CF2C971D2F00FB0D37 /* Build configuration list for PBXNativeTarget "WeatherApp" */;
			buildPhases = (
				D2FF79A72C971D2D00FB0D37 /* Sources */,
				D2FF79A82C971D2D00FB0D37 /* Frameworks */,
				D2FF79A92C971D2D00FB0D37 /* Resources */,
			);
			buildRules = (
			);
			dependencies = (
			);
			name = WeatherApp;
			productName = WeatherApp;
			productReference = D2FF79AB2C971D2D00FB0D37 /* WeatherApp.app */;
			productType = "com.apple.product-type.application";
		};
		D2FF79BA2C971D2F00FB0D37 /* WeatherAppTests */ = {
			isa = PBXNativeTarget;
			buildConfigurationList = D2FF79D22C971D2F00FB0D37 /* Build configuration list for PBXNativeTarget "WeatherAppTests" */;
			buildPhases = (
				D2FF79B72C971D2F00FB0D37 /* Sources */,
				D2FF79B82C971D2F00FB0D37 /* Frameworks */,
				D2FF79B92C971D2F00FB0D37 /* Resources */,
			);
			buildRules = (
			);
			dependencies = (
				D2FF79BD2C971D2F00FB0D37 /* PBXTargetDependency */,
			);
			name = WeatherAppTests;
			productName = WeatherAppTests;
			productReference = D2FF79BB2C971D2F00FB0D37 /* WeatherAppTests.xctest */;
			productType = "com.apple.product-type.bundle.unit-test";
		};
		D2FF79C42C971D2F00FB0D37 /* WeatherAppUITests */ = {
			isa = PBXNativeTarget;
			buildConfigurationList = D2FF79D52C971D2F00FB0D37 /* Build configuration list for PBXNativeTarget "WeatherAppUITests" */;
			buildPhases = (
				D2FF79C12C971D2F00FB0D37 /* Sources */,
				D2FF79C22C971D2F00FB0D37 /* Frameworks */,
				D2FF79C32C971D2F00FB0D37 /* Resources */,
			);
			buildRules = (
			);
			dependencies = (
				D2FF79C72C971D2F00FB0D37 /* PBXTargetDependency */,
			);
			name = WeatherAppUITests;
			productName = WeatherAppUITests;
			productReference = D2FF79C52C971D2F00FB0D37 /* WeatherAppUITests.xctest */;
			productType = "com.apple.product-type.bundle.ui-testing";
		};
/* End PBXNativeTarget section */

/* Begin PBXProject section */
		D2FF79A32C971D2C00FB0D37 /* Project object */ = {
			isa = PBXProject;
			attributes = {
				BuildIndependentTargetsInParallel = 1;
				LastSwiftUpdateCheck = 1540;
				LastUpgradeCheck = 1540;
				TargetAttributes = {
					D2FF79AA2C971D2D00FB0D37 = {
						CreatedOnToolsVersion = 15.4;
					};
					D2FF79BA2C971D2F00FB0D37 = {
						CreatedOnToolsVersion = 15.4;
						TestTargetID = D2FF79AA2C971D2D00FB0D37;
					};
					D2FF79C42C971D2F00FB0D37 = {
						CreatedOnToolsVersion = 15.4;
						TestTargetID = D2FF79AA2C971D2D00FB0D37;
					};
				};
			};
			buildConfigurationList = D2FF79A62C971D2C00FB0D37 /* Build configuration list for PBXProject "WeatherApp" */;
			compatibilityVersion = "Xcode 14.0";
			developmentRegion = en;
			hasScannedForEncodings = 0;
			knownRegions = (
				en,
				Base,
			);
			mainGroup = D2FF79A22C971D2C00FB0D37;
			productRefGroup = D2FF79AC2C971D2D00FB0D37 /* Products */;
			projectDirPath = "";
			projectRoot = "";
			targets = (
				D2FF79AA2C971D2D00FB0D37 /* WeatherApp */,
				D2FF79BA2C971D2F00FB0D37 /* WeatherAppTests */,
				D2FF79C42C971D2F00FB0D37 /* WeatherAppUITests */,
			);
		};
/* End PBXProject section */

/* Begin PBXResourcesBuildPhase section */
		D2FF79A92C971D2D00FB0D37 /* Resources */ = {
			isa = PBXResourcesBuildPhase;
			buildActionMask = 2147483647;
			files = (
				D2FF79B62C971D2F00FB0D37 /* Preview Assets.xcassets in Resources */,
				D2FF79B32C971D2F00FB0D37 /* Assets.xcassets in Resources */,
			);
			runOnlyForDeploymentPostprocessing = 0;
		};
		D2FF79B92C971D2F00FB0D37 /* Resources */ = {
			isa = PBXResourcesBuildPhase;
			buildActionMask = 2147483647;
			files = (
			);
			runOnlyForDeploymentPostprocessing = 0;
		};
		D2FF79C32C971D2F00FB0D37 /* Resources */ = {
			isa = PBXResourcesBuildPhase;
			buildActionMask = 2147483647;
			files = (
			);
			runOnlyForDeploymentPostprocessing = 0;
		};
/* End PBXResourcesBuildPhase section */

/* Begin PBXSourcesBuildPhase section */
		D2FF79A72C971D2D00FB0D37 /* Sources */ = {
			isa = PBXSourcesBuildPhase;
			buildActionMask = 2147483647;
			files = (
				D2FF79DD2C97209300FB0D37 /* LocationDataViewModel.swift in Sources */,
				46B073FF2CA20BAC0032B019 /* Page.swift in Sources */,
				C0470E6A2CA322B900E30456 /* SplashView.swift in Sources */,
				D2FF79DB2C971EF100FB0D37 /* APIManager.swift in Sources */,
				D2FF79E12C972C1300FB0D37 /* WeatherDataModel.swift in Sources */,
				D2FF79E32C972FB700FB0D37 /* WeatherDataViewModel.swift in Sources */,
				D2FF79DF2C9723EC00FB0D37 /* LocationDetailView.swift in Sources */,
				4EFEBC552CA1C866009A6920 /* NetworkProtocol.swift in Sources */,
				4EFEBC592CA1D2E1009A6920 /* Coordinator.swift in Sources */,
				46B073FC2CA208D40032B019 /* CoordinatorView.swift in Sources */,
				D2FF79B12C971D2D00FB0D37 /* ContentView.swift in Sources */,
				D2FF79AF2C971D2D00FB0D37 /* WeatherAppApp.swift in Sources */,
				4E92D5A12CA2162D00B2449B /* Constants.swift in Sources */,
				4EFEBC572CA1C995009A6920 /* MockAPIManager.swift in Sources */,
				D2FF79D92C971D8900FB0D37 /* GeocodingAPIModel.swift in Sources */,
			);
			runOnlyForDeploymentPostprocessing = 0;
		};
		D2FF79B72C971D2F00FB0D37 /* Sources */ = {
			isa = PBXSourcesBuildPhase;
			buildActionMask = 2147483647;
			files = (
				D2FF79C02C971D2F00FB0D37 /* WeatherAppTests.swift in Sources */,
			);
			runOnlyForDeploymentPostprocessing = 0;
		};
		D2FF79C12C971D2F00FB0D37 /* Sources */ = {
			isa = PBXSourcesBuildPhase;
			buildActionMask = 2147483647;
			files = (
				D2FF79CA2C971D2F00FB0D37 /* WeatherAppUITests.swift in Sources */,
				D2FF79CC2C971D2F00FB0D37 /* WeatherAppUITestsLaunchTests.swift in Sources */,
			);
			runOnlyForDeploymentPostprocessing = 0;
		};
/* End PBXSourcesBuildPhase section */

/* Begin PBXTargetDependency section */
		D2FF79BD2C971D2F00FB0D37 /* PBXTargetDependency */ = {
			isa = PBXTargetDependency;
			target = D2FF79AA2C971D2D00FB0D37 /* WeatherApp */;
			targetProxy = D2FF79BC2C971D2F00FB0D37 /* PBXContainerItemProxy */;
		};
		D2FF79C72C971D2F00FB0D37 /* PBXTargetDependency */ = {
			isa = PBXTargetDependency;
			target = D2FF79AA2C971D2D00FB0D37 /* WeatherApp */;
			targetProxy = D2FF79C62C971D2F00FB0D37 /* PBXContainerItemProxy */;
		};
/* End PBXTargetDependency section */

/* Begin XCBuildConfiguration section */
		D2FF79CD2C971D2F00FB0D37 /* Debug */ = {
			isa = XCBuildConfiguration;
			buildSettings = {
				ALWAYS_SEARCH_USER_PATHS = NO;
				ASSETCATALOG_COMPILER_GENERATE_SWIFT_ASSET_SYMBOL_EXTENSIONS = YES;
				CLANG_ANALYZER_NONNULL = YES;
				CLANG_ANALYZER_NUMBER_OBJECT_CONVERSION = YES_AGGRESSIVE;
				CLANG_CXX_LANGUAGE_STANDARD = "gnu++20";
				CLANG_ENABLE_MODULES = YES;
				CLANG_ENABLE_OBJC_ARC = YES;
				CLANG_ENABLE_OBJC_WEAK = YES;
				CLANG_WARN_BLOCK_CAPTURE_AUTORELEASING = YES;
				CLANG_WARN_BOOL_CONVERSION = YES;
				CLANG_WARN_COMMA = YES;
				CLANG_WARN_CONSTANT_CONVERSION = YES;
				CLANG_WARN_DEPRECATED_OBJC_IMPLEMENTATIONS = YES;
				CLANG_WARN_DIRECT_OBJC_ISA_USAGE = YES_ERROR;
				CLANG_WARN_DOCUMENTATION_COMMENTS = YES;
				CLANG_WARN_EMPTY_BODY = YES;
				CLANG_WARN_ENUM_CONVERSION = YES;
				CLANG_WARN_INFINITE_RECURSION = YES;
				CLANG_WARN_INT_CONVERSION = YES;
				CLANG_WARN_NON_LITERAL_NULL_CONVERSION = YES;
				CLANG_WARN_OBJC_IMPLICIT_RETAIN_SELF = YES;
				CLANG_WARN_OBJC_LITERAL_CONVERSION = YES;
				CLANG_WARN_OBJC_ROOT_CLASS = YES_ERROR;
				CLANG_WARN_QUOTED_INCLUDE_IN_FRAMEWORK_HEADER = YES;
				CLANG_WARN_RANGE_LOOP_ANALYSIS = YES;
				CLANG_WARN_STRICT_PROTOTYPES = YES;
				CLANG_WARN_SUSPICIOUS_MOVE = YES;
				CLANG_WARN_UNGUARDED_AVAILABILITY = YES_AGGRESSIVE;
				CLANG_WARN_UNREACHABLE_CODE = YES;
				CLANG_WARN__DUPLICATE_METHOD_MATCH = YES;
				COPY_PHASE_STRIP = NO;
				DEBUG_INFORMATION_FORMAT = dwarf;
				ENABLE_STRICT_OBJC_MSGSEND = YES;
				ENABLE_TESTABILITY = YES;
				ENABLE_USER_SCRIPT_SANDBOXING = YES;
				GCC_C_LANGUAGE_STANDARD = gnu17;
				GCC_DYNAMIC_NO_PIC = NO;
				GCC_NO_COMMON_BLOCKS = YES;
				GCC_OPTIMIZATION_LEVEL = 0;
				GCC_PREPROCESSOR_DEFINITIONS = (
					"DEBUG=1",
					"$(inherited)",
				);
				GCC_WARN_64_TO_32_BIT_CONVERSION = YES;
				GCC_WARN_ABOUT_RETURN_TYPE = YES_ERROR;
				GCC_WARN_UNDECLARED_SELECTOR = YES;
				GCC_WARN_UNINITIALIZED_AUTOS = YES_AGGRESSIVE;
				GCC_WARN_UNUSED_FUNCTION = YES;
				GCC_WARN_UNUSED_VARIABLE = YES;
				IPHONEOS_DEPLOYMENT_TARGET = 17.5;
				LOCALIZATION_PREFERS_STRING_CATALOGS = YES;
				MTL_ENABLE_DEBUG_INFO = INCLUDE_SOURCE;
				MTL_FAST_MATH = YES;
				ONLY_ACTIVE_ARCH = YES;
				SDKROOT = iphoneos;
				SWIFT_ACTIVE_COMPILATION_CONDITIONS = "DEBUG $(inherited)";
				SWIFT_OPTIMIZATION_LEVEL = "-Onone";
			};
			name = Debug;
		};
		D2FF79CE2C971D2F00FB0D37 /* Release */ = {
			isa = XCBuildConfiguration;
			buildSettings = {
				ALWAYS_SEARCH_USER_PATHS = NO;
				ASSETCATALOG_COMPILER_GENERATE_SWIFT_ASSET_SYMBOL_EXTENSIONS = YES;
				CLANG_ANALYZER_NONNULL = YES;
				CLANG_ANALYZER_NUMBER_OBJECT_CONVERSION = YES_AGGRESSIVE;
				CLANG_CXX_LANGUAGE_STANDARD = "gnu++20";
				CLANG_ENABLE_MODULES = YES;
				CLANG_ENABLE_OBJC_ARC = YES;
				CLANG_ENABLE_OBJC_WEAK = YES;
				CLANG_WARN_BLOCK_CAPTURE_AUTORELEASING = YES;
				CLANG_WARN_BOOL_CONVERSION = YES;
				CLANG_WARN_COMMA = YES;
				CLANG_WARN_CONSTANT_CONVERSION = YES;
				CLANG_WARN_DEPRECATED_OBJC_IMPLEMENTATIONS = YES;
				CLANG_WARN_DIRECT_OBJC_ISA_USAGE = YES_ERROR;
				CLANG_WARN_DOCUMENTATION_COMMENTS = YES;
				CLANG_WARN_EMPTY_BODY = YES;
				CLANG_WARN_ENUM_CONVERSION = YES;
				CLANG_WARN_INFINITE_RECURSION = YES;
				CLANG_WARN_INT_CONVERSION = YES;
				CLANG_WARN_NON_LITERAL_NULL_CONVERSION = YES;
				CLANG_WARN_OBJC_IMPLICIT_RETAIN_SELF = YES;
				CLANG_WARN_OBJC_LITERAL_CONVERSION = YES;
				CLANG_WARN_OBJC_ROOT_CLASS = YES_ERROR;
				CLANG_WARN_QUOTED_INCLUDE_IN_FRAMEWORK_HEADER = YES;
				CLANG_WARN_RANGE_LOOP_ANALYSIS = YES;
				CLANG_WARN_STRICT_PROTOTYPES = YES;
				CLANG_WARN_SUSPICIOUS_MOVE = YES;
				CLANG_WARN_UNGUARDED_AVAILABILITY = YES_AGGRESSIVE;
				CLANG_WARN_UNREACHABLE_CODE = YES;
				CLANG_WARN__DUPLICATE_METHOD_MATCH = YES;
				COPY_PHASE_STRIP = NO;
				DEBUG_INFORMATION_FORMAT = "dwarf-with-dsym";
				ENABLE_NS_ASSERTIONS = NO;
				ENABLE_STRICT_OBJC_MSGSEND = YES;
				ENABLE_USER_SCRIPT_SANDBOXING = YES;
				GCC_C_LANGUAGE_STANDARD = gnu17;
				GCC_NO_COMMON_BLOCKS = YES;
				GCC_WARN_64_TO_32_BIT_CONVERSION = YES;
				GCC_WARN_ABOUT_RETURN_TYPE = YES_ERROR;
				GCC_WARN_UNDECLARED_SELECTOR = YES;
				GCC_WARN_UNINITIALIZED_AUTOS = YES_AGGRESSIVE;
				GCC_WARN_UNUSED_FUNCTION = YES;
				GCC_WARN_UNUSED_VARIABLE = YES;
				IPHONEOS_DEPLOYMENT_TARGET = 17.5;
				LOCALIZATION_PREFERS_STRING_CATALOGS = YES;
				MTL_ENABLE_DEBUG_INFO = NO;
				MTL_FAST_MATH = YES;
				SDKROOT = iphoneos;
				SWIFT_COMPILATION_MODE = wholemodule;
				VALIDATE_PRODUCT = YES;
			};
			name = Release;
		};
		D2FF79D02C971D2F00FB0D37 /* Debug */ = {
			isa = XCBuildConfiguration;
			buildSettings = {
				ASSETCATALOG_COMPILER_APPICON_NAME = AppIcon;
				ASSETCATALOG_COMPILER_GLOBAL_ACCENT_COLOR_NAME = AccentColor;
				CODE_SIGN_STYLE = Automatic;
				CURRENT_PROJECT_VERSION = 1;
				DEVELOPMENT_ASSET_PATHS = "\"WeatherApp/Preview Content\"";
				ENABLE_PREVIEWS = YES;
				GENERATE_INFOPLIST_FILE = YES;
				INFOPLIST_KEY_UIApplicationSceneManifest_Generation = YES;
				INFOPLIST_KEY_UIApplicationSupportsIndirectInputEvents = YES;
				INFOPLIST_KEY_UILaunchScreen_Generation = YES;
				INFOPLIST_KEY_UISupportedInterfaceOrientations_iPad = "UIInterfaceOrientationPortrait UIInterfaceOrientationPortraitUpsideDown UIInterfaceOrientationLandscapeLeft UIInterfaceOrientationLandscapeRight";
				INFOPLIST_KEY_UISupportedInterfaceOrientations_iPhone = "UIInterfaceOrientationPortrait UIInterfaceOrientationLandscapeLeft UIInterfaceOrientationLandscapeRight";
				IPHONEOS_DEPLOYMENT_TARGET = 17.1;
				LD_RUNPATH_SEARCH_PATHS = (
					"$(inherited)",
					"@executable_path/Frameworks",
				);
				MARKETING_VERSION = 1.0;
				PRODUCT_BUNDLE_IDENTIFIER = com.varshith.dev.WeatherApp;
				PRODUCT_NAME = "$(TARGET_NAME)";
				SWIFT_EMIT_LOC_STRINGS = YES;
				SWIFT_VERSION = 5.0;
				TARGETED_DEVICE_FAMILY = "1,2";
			};
			name = Debug;
		};
		D2FF79D12C971D2F00FB0D37 /* Release */ = {
			isa = XCBuildConfiguration;
			buildSettings = {
				ASSETCATALOG_COMPILER_APPICON_NAME = AppIcon;
				ASSETCATALOG_COMPILER_GLOBAL_ACCENT_COLOR_NAME = AccentColor;
				CODE_SIGN_STYLE = Automatic;
				CURRENT_PROJECT_VERSION = 1;
				DEVELOPMENT_ASSET_PATHS = "\"WeatherApp/Preview Content\"";
				ENABLE_PREVIEWS = YES;
				GENERATE_INFOPLIST_FILE = YES;
				INFOPLIST_KEY_UIApplicationSceneManifest_Generation = YES;
				INFOPLIST_KEY_UIApplicationSupportsIndirectInputEvents = YES;
				INFOPLIST_KEY_UILaunchScreen_Generation = YES;
				INFOPLIST_KEY_UISupportedInterfaceOrientations_iPad = "UIInterfaceOrientationPortrait UIInterfaceOrientationPortraitUpsideDown UIInterfaceOrientationLandscapeLeft UIInterfaceOrientationLandscapeRight";
				INFOPLIST_KEY_UISupportedInterfaceOrientations_iPhone = "UIInterfaceOrientationPortrait UIInterfaceOrientationLandscapeLeft UIInterfaceOrientationLandscapeRight";
				IPHONEOS_DEPLOYMENT_TARGET = 17.1;
				LD_RUNPATH_SEARCH_PATHS = (
					"$(inherited)",
					"@executable_path/Frameworks",
				);
				MARKETING_VERSION = 1.0;
				PRODUCT_BUNDLE_IDENTIFIER = com.varshith.dev.WeatherApp;
				PRODUCT_NAME = "$(TARGET_NAME)";
				SWIFT_EMIT_LOC_STRINGS = YES;
				SWIFT_VERSION = 5.0;
				TARGETED_DEVICE_FAMILY = "1,2";
			};
			name = Release;
		};
		D2FF79D32C971D2F00FB0D37 /* Debug */ = {
			isa = XCBuildConfiguration;
			buildSettings = {
				ALWAYS_EMBED_SWIFT_STANDARD_LIBRARIES = YES;
				BUNDLE_LOADER = "$(TEST_HOST)";
				CODE_SIGN_STYLE = Automatic;
				CURRENT_PROJECT_VERSION = 1;
				GENERATE_INFOPLIST_FILE = YES;
				IPHONEOS_DEPLOYMENT_TARGET = 17.5;
				MARKETING_VERSION = 1.0;
				PRODUCT_BUNDLE_IDENTIFIER = com.varshith.dev.WeatherAppTests;
				PRODUCT_NAME = "$(TARGET_NAME)";
				SWIFT_EMIT_LOC_STRINGS = NO;
				SWIFT_VERSION = 5.0;
				TARGETED_DEVICE_FAMILY = "1,2";
				TEST_HOST = "$(BUILT_PRODUCTS_DIR)/WeatherApp.app/$(BUNDLE_EXECUTABLE_FOLDER_PATH)/WeatherApp";
			};
			name = Debug;
		};
		D2FF79D42C971D2F00FB0D37 /* Release */ = {
			isa = XCBuildConfiguration;
			buildSettings = {
				ALWAYS_EMBED_SWIFT_STANDARD_LIBRARIES = YES;
				BUNDLE_LOADER = "$(TEST_HOST)";
				CODE_SIGN_STYLE = Automatic;
				CURRENT_PROJECT_VERSION = 1;
				GENERATE_INFOPLIST_FILE = YES;
				IPHONEOS_DEPLOYMENT_TARGET = 17.5;
				MARKETING_VERSION = 1.0;
				PRODUCT_BUNDLE_IDENTIFIER = com.varshith.dev.WeatherAppTests;
				PRODUCT_NAME = "$(TARGET_NAME)";
				SWIFT_EMIT_LOC_STRINGS = NO;
				SWIFT_VERSION = 5.0;
				TARGETED_DEVICE_FAMILY = "1,2";
				TEST_HOST = "$(BUILT_PRODUCTS_DIR)/WeatherApp.app/$(BUNDLE_EXECUTABLE_FOLDER_PATH)/WeatherApp";
			};
			name = Release;
		};
		D2FF79D62C971D2F00FB0D37 /* Debug */ = {
			isa = XCBuildConfiguration;
			buildSettings = {
				ALWAYS_EMBED_SWIFT_STANDARD_LIBRARIES = YES;
				CODE_SIGN_STYLE = Automatic;
				CURRENT_PROJECT_VERSION = 1;
				GENERATE_INFOPLIST_FILE = YES;
				MARKETING_VERSION = 1.0;
				PRODUCT_BUNDLE_IDENTIFIER = com.varshith.dev.WeatherAppUITests;
				PRODUCT_NAME = "$(TARGET_NAME)";
				SWIFT_EMIT_LOC_STRINGS = NO;
				SWIFT_VERSION = 5.0;
				TARGETED_DEVICE_FAMILY = "1,2";
				TEST_TARGET_NAME = WeatherApp;
			};
			name = Debug;
		};
		D2FF79D72C971D2F00FB0D37 /* Release */ = {
			isa = XCBuildConfiguration;
			buildSettings = {
				ALWAYS_EMBED_SWIFT_STANDARD_LIBRARIES = YES;
				CODE_SIGN_STYLE = Automatic;
				CURRENT_PROJECT_VERSION = 1;
				GENERATE_INFOPLIST_FILE = YES;
				MARKETING_VERSION = 1.0;
				PRODUCT_BUNDLE_IDENTIFIER = com.varshith.dev.WeatherAppUITests;
				PRODUCT_NAME = "$(TARGET_NAME)";
				SWIFT_EMIT_LOC_STRINGS = NO;
				SWIFT_VERSION = 5.0;
				TARGETED_DEVICE_FAMILY = "1,2";
				TEST_TARGET_NAME = WeatherApp;
			};
			name = Release;
		};
/* End XCBuildConfiguration section */

/* Begin XCConfigurationList section */
		D2FF79A62C971D2C00FB0D37 /* Build configuration list for PBXProject "WeatherApp" */ = {
			isa = XCConfigurationList;
			buildConfigurations = (
				D2FF79CD2C971D2F00FB0D37 /* Debug */,
				D2FF79CE2C971D2F00FB0D37 /* Release */,
			);
			defaultConfigurationIsVisible = 0;
			defaultConfigurationName = Release;
		};
		D2FF79CF2C971D2F00FB0D37 /* Build configuration list for PBXNativeTarget "WeatherApp" */ = {
			isa = XCConfigurationList;
			buildConfigurations = (
				D2FF79D02C971D2F00FB0D37 /* Debug */,
				D2FF79D12C971D2F00FB0D37 /* Release */,
			);
			defaultConfigurationIsVisible = 0;
			defaultConfigurationName = Release;
		};
		D2FF79D22C971D2F00FB0D37 /* Build configuration list for PBXNativeTarget "WeatherAppTests" */ = {
			isa = XCConfigurationList;
			buildConfigurations = (
				D2FF79D32C971D2F00FB0D37 /* Debug */,
				D2FF79D42C971D2F00FB0D37 /* Release */,
			);
			defaultConfigurationIsVisible = 0;
			defaultConfigurationName = Release;
		};
		D2FF79D52C971D2F00FB0D37 /* Build configuration list for PBXNativeTarget "WeatherAppUITests" */ = {
			isa = XCConfigurationList;
			buildConfigurations = (
				D2FF79D62C971D2F00FB0D37 /* Debug */,
				D2FF79D72C971D2F00FB0D37 /* Release */,
			);
			defaultConfigurationIsVisible = 0;
			defaultConfigurationName = Release;
		};
/* End XCConfigurationList section */
	};
	rootObject = D2FF79A32C971D2C00FB0D37 /* Project object */;
}
